
Microsoft Visual Studio Solution File, Format Version 12.00
# Visual Studio Version 17
VisualStudioVersion = 17.6.33723.286
MinimumVisualStudioVersion = 10.0.40219.1
Project("{FAE04EC0-301F-11D3-BF4B-00C04F79EFBC}") = "JupebPortal", "JupebPortal\JupebPortal.csproj", "{3B45E0DC-566C-468F-8999-9F76656CBC23}"
EndProject
Global
	GlobalSection(SolutionConfigurationPlatforms) = preSolution
		Debug|Any CPU = Debug|Any CPU
		Release|Any CPU = Release|Any CPU
	EndGlobalSection
	GlobalSection(ProjectConfigurationPlatforms) = postSolution
		{3B45E0DC-566C-468F-8999-9F76656CBC23}.Debug|Any CPU.ActiveCfg = Debug|Any CPU
		{3B45E0DC-566C-468F-8999-9F76656CBC23}.Debug|Any CPU.Build.0 = Debug|Any CPU
		{3B45E0DC-566C-468F-8999-9F76656CBC23}.Release|Any CPU.ActiveCfg = Release|Any CPU
		{3B45E0DC-566C-468F-8999-9F76656CBC23}.Release|Any CPU.Build.0 = Release|Any CPU
	EndGlobalSection
	GlobalSection(SolutionProperties) = preSolution
		HideSolutionNode = FALSE
	EndGlobalSection
	GlobalSection(ExtensibilityGlobals) = postSolution
		SolutionGuid = {8081C449-2CAD-42F7-9265-3130B0566C3A}
	EndGlobalSection
EndGlobal
